{
  "requires": true,
  "lockfileVersion": 1,
  "dependencies": {
    "lion-bhavik": {
      "version": "1.0.0",
      "resolved": "https://registry.npmjs.org/lion-bhavik/-/lion-bhavik-1.0.0.tgz",
      "integrity": "sha512-W9LjkHwVq8j4VMIfWvSp/o6wEkA1PzyWKkmN2RrcIjT2OqpzcrM7jvB067MRFKy3vyFsp5mEonHAqtgt05HbdA=="
    },
    "zuciso": {
      "version": "3.0.0",
      "resolved": "https://registry.npmjs.org/zuciso/-/zuciso-3.0.0.tgz",
      "integrity": "sha512-6wBqHy/ylkar1P0gek6ZBbTcuSWxrcFbtLNsiSXaWSFYy8LmijZKzpar4ze3NWjhlZrmYvvvEUk0QaD/YBncJw=="
    }
  }
}
